
Microsoft Visual Studio Solution File, Format Version 12.00
# Visual Studio Version 16
VisualStudioVersion = 16.0.30711.63
MinimumVisualStudioVersion = 10.0.40219.1
Project("{FAE04EC0-301F-11D3-BF4B-00C04F79EFBC}") = "praxicloud.samples.democontainer", "praxicloud.samples.democontainer\praxicloud.samples.democontainer.csproj", "{84E5B179-8960-44CE-80AB-CBF7915D3265}"
EndProject
Global
	GlobalSection(SolutionConfigurationPlatforms) = preSolution
		Debug|Any CPU = Debug|Any CPU
		Release|Any CPU = Release|Any CPU
	EndGlobalSection
	GlobalSection(ProjectConfigurationPlatforms) = postSolution
		{84E5B179-8960-44CE-80AB-CBF7915D3265}.Debug|Any CPU.ActiveCfg = Debug|Any CPU
		{84E5B179-8960-44CE-80AB-CBF7915D3265}.Debug|Any CPU.Build.0 = Debug|Any CPU
		{84E5B179-8960-44CE-80AB-CBF7915D3265}.Release|Any CPU.ActiveCfg = Release|Any CPU
		{84E5B179-8960-44CE-80AB-CBF7915D3265}.Release|Any CPU.Build.0 = Release|Any CPU
	EndGlobalSection
	GlobalSection(SolutionProperties) = preSolution
		HideSolutionNode = FALSE
	EndGlobalSection
	GlobalSection(ExtensibilityGlobals) = postSolution
		SolutionGuid = {85AB84A2-DB5C-484E-8199-CA1F058D1BD9}
	EndGlobalSection
EndGlobal
